
Microsoft Visual Studio Solution File, Format Version 12.00
Project("{FAE04EC0-301F-11D3-BF4B-00C04F79EFBC}") = "CliqueProject", "CliqueProject\CliqueProject.csproj", "{53C5FDB1-0AD6-47B1-AE91-DAADE94758F8}"
EndProject
Project("{FAE04EC0-301F-11D3-BF4B-00C04F79EFBC}") = "CliqueTests", "CliqueTests\CliqueTests.csproj", "{BBFE448D-6AC4-49A0-B9D6-FFC02B35FCDD}"
EndProject
Global
	GlobalSection(SolutionConfigurationPlatforms) = preSolution
		Debug|Any CPU = Debug|Any CPU
		Release|Any CPU = Release|Any CPU
	EndGlobalSection
	GlobalSection(ProjectConfigurationPlatforms) = postSolution
		{53C5FDB1-0AD6-47B1-AE91-DAADE94758F8}.Debug|Any CPU.ActiveCfg = Debug|Any CPU
		{53C5FDB1-0AD6-47B1-AE91-DAADE94758F8}.Debug|Any CPU.Build.0 = Debug|Any CPU
		{53C5FDB1-0AD6-47B1-AE91-DAADE94758F8}.Release|Any CPU.ActiveCfg = Release|Any CPU
		{53C5FDB1-0AD6-47B1-AE91-DAADE94758F8}.Release|Any CPU.Build.0 = Release|Any CPU
		{BBFE448D-6AC4-49A0-B9D6-FFC02B35FCDD}.Debug|Any CPU.ActiveCfg = Debug|Any CPU
		{BBFE448D-6AC4-49A0-B9D6-FFC02B35FCDD}.Debug|Any CPU.Build.0 = Debug|Any CPU
		{BBFE448D-6AC4-49A0-B9D6-FFC02B35FCDD}.Release|Any CPU.ActiveCfg = Release|Any CPU
		{BBFE448D-6AC4-49A0-B9D6-FFC02B35FCDD}.Release|Any CPU.Build.0 = Release|Any CPU
	EndGlobalSection
EndGlobal
